# THIS IS AN AUTOGENERATED FILE. DO NOT EDIT THIS FILE DIRECTLY.
# yarn lockfile v1


is-env@latest:
  version "1.0.1"
  resolved "https://r.cnpmjs.org/is-env/download/is-env-1.0.1.tgz#4adf0c2c81e43ecc52c3fac293deed78bd3d367d"

js-tokens@^3.0.0:
  version "3.0.2"
  resolved "https://r.cnpmjs.org/js-tokens/download/js-tokens-3.0.2.tgz#9866df395102130e38f7f996bceb65443209c25b"

loose-envify@^1.1.0:
  version "1.3.1"
  resolved "https://r.cnpmjs.org/loose-envify/download/loose-envify-1.3.1.tgz#d1a8ad33fa9ce0e713d65fdd0ac8b748d478c848"
  dependencies:
    js-tokens "^3.0.0"

only@^0.0.2:
  version "0.0.2"
  resolved "https://r.cnpmjs.org/only/download/only-0.0.2.tgz#2afde84d03e50b9a8edc444e30610a70295edfb4"

redux-store-init@^2.0.0:
  version "2.0.0"
  resolved "https://r.cnpmjs.org/redux-store-init/download/redux-store-init-2.0.0.tgz#21d49e927f6d4b665287da440eda858b6609fcb6"
  dependencies:
    is-env latest

redux-thunk@^2.3.0:
  version "2.3.0"
  resolved "http://registry.npm.taobao.org/redux-thunk/download/redux-thunk-2.3.0.tgz#51c2c19a185ed5187aaa9a2d08b666d0d6467622"

redux@^4.0.0:
  version "4.0.0"
  resolved "https://r.cnpmjs.org/redux/download/redux-4.0.0.tgz#aa698a92b729315d22b34a0553d7e6533555cc03"
  dependencies:
    loose-envify "^1.1.0"
    symbol-observable "^1.2.0"

symbol-observable@^1.2.0:
  version "1.2.0"
  resolved "https://r.cnpmjs.org/symbol-observable/download/symbol-observable-1.2.0.tgz#c22688aed4eab3cdc2dfeacbb561660560a00804"
